// !$*UTF8*$!
{
	archiveVersion = 1;
	classes = {
	};
	objectVersion = 46;
	objects = {

/* Begin PBXBuildFile section */
		A03D5DB61D6EEC6100F76A4A /* SnakeSegments.swift in Sources */ = {isa = PBXBuildFile; fileRef = A03D5DB51D6EEC6100F76A4A /* SnakeSegments.swift */; };
		A0997FD31D3CDB5D00AB2AC4 /* AppDelegate.swift in Sources */ = {isa = PBXBuildFile; fileRef = A0997FD21D3CDB5D00AB2AC4 /* AppDelegate.swift */; };
		A0997FD81D3CDB5D00AB2AC4 /* Main.storyboard in Resources */ = {isa = PBXBuildFile; fileRef = A0997FD61D3CDB5D00AB2AC4 /* Main.storyboard */; };
		A0997FDA1D3CDB5D00AB2AC4 /* Assets.xcassets in Resources */ = {isa = PBXBuildFile; fileRef = A0997FD91D3CDB5D00AB2AC4 /* Assets.xcassets */; };
		A0997FDD1D3CDB5D00AB2AC4 /* LaunchScreen.storyboard in Resources */ = {isa = PBXBuildFile; fileRef = A0997FDB1D3CDB5D00AB2AC4 /* LaunchScreen.storyboard */; };
		A0997FE61D3CDF2500AB2AC4 /* GameViewController.swift in Sources */ = {isa = PBXBuildFile; fileRef = A0997FE51D3CDF2500AB2AC4 /* GameViewController.swift */; };
		A0997FE81D3CDFBE00AB2AC4 /* GameFieldView.swift in Sources */ = {isa = PBXBuildFile; fileRef = A0997FE71D3CDFBE00AB2AC4 /* GameFieldView.swift */; };
		A0997FEA1D3CDFEE00AB2AC4 /* GameModel.swift in Sources */ = {isa = PBXBuildFile; fileRef = A0997FE91D3CDFEE00AB2AC4 /* GameModel.swift */; };
		A09CCF411D69D81B00810397 /* Notes in Resources */ = {isa = PBXBuildFile; fileRef = A09CCF401D69D81B00810397 /* Notes */; };
		A0AB42391D432B8700239297 /* Snake.swift in Sources */ = {isa = PBXBuildFile; fileRef = A0AB42381D432B8700239297 /* Snake.swift */; };
/* End PBXBuildFile section */

/* Begin PBXFileReference section */
		A03D5DB51D6EEC6100F76A4A /* SnakeSegments.swift */ = {isa = PBXFileReference; fileEncoding = 4; lastKnownFileType = sourcecode.swift; path = SnakeSegments.swift; sourceTree = "<group>"; };
		A0997FCF1D3CDB5D00AB2AC4 /* SnakeGame.app */ = {isa = PBXFileReference; explicitFileType = wrapper.application; includeInIndex = 0; path = SnakeGame.app; sourceTree = BUILT_PRODUCTS_DIR; };
		A0997FD21D3CDB5D00AB2AC4 /* AppDelegate.swift */ = {isa = PBXFileReference; lastKnownFileType = sourcecode.swift; path = AppDelegate.swift; sourceTree = "<group>"; };
		A0997FD71D3CDB5D00AB2AC4 /* Base */ = {isa = PBXFileReference; lastKnownFileType = file.storyboard; name = Base; path = Base.lproj/Main.storyboard; sourceTree = "<group>"; };
		A0997FD91D3CDB5D00AB2AC4 /* Assets.xcassets */ = {isa = PBXFileReference; lastKnownFileType = folder.assetcatalog; path = Assets.xcassets; sourceTree = "<group>"; };
		A0997FDC1D3CDB5D00AB2AC4 /* Base */ = {isa = PBXFileReference; lastKnownFileType = file.storyboard; name = Base; path = Base.lproj/LaunchScreen.storyboard; sourceTree = "<group>"; };
		A0997FDE1D3CDB5D00AB2AC4 /* Info.plist */ = {isa = PBXFileReference; lastKnownFileType = text.plist.xml; path = Info.plist; sourceTree = "<group>"; };
		A0997FE51D3CDF2500AB2AC4 /* GameViewController.swift */ = {isa = PBXFileReference; fileEncoding = 4; lastKnownFileType = sourcecode.swift; path = GameViewController.swift; sourceTree = "<group>"; };
		A0997FE71D3CDFBE00AB2AC4 /* GameFieldView.swift */ = {isa = PBXFileReference; fileEncoding = 4; lastKnownFileType = sourcecode.swift; path = GameFieldView.swift; sourceTree = "<group>"; };
		A0997FE91D3CDFEE00AB2AC4 /* GameModel.swift */ = {isa = PBXFileReference; fileEncoding = 4; lastKnownFileType = sourcecode.swift; path = GameModel.swift; sourceTree = "<group>"; };
		A09CCF401D69D81B00810397 /* Notes */ = {isa = PBXFileReference; fileEncoding = 4; lastKnownFileType = text; path = Notes; sourceTree = "<group>"; };
		A0AB42381D432B8700239297 /* Snake.swift */ = {isa = PBXFileReference; fileEncoding = 4; lastKnownFileType = sourcecode.swift; path = Snake.swift; sourceTree = "<group>"; };
/* End PBXFileReference section */

/* Begin PBXFrameworksBuildPhase section */
		A0997FCC1D3CDB5D00AB2AC4 /* Frameworks */ = {
			isa = PBXFrameworksBuildPhase;
			buildActionMask = 2147483647;
			files = (
			);
			runOnlyForDeploymentPostprocessing = 0;
		};
/* End PBXFrameworksBuildPhase section */

/* Begin PBXGroup section */
		A0997FC61D3CDB5D00AB2AC4 = {
			isa = PBXGroup;
			children = (
				A0997FD11D3CDB5D00AB2AC4 /* SnakeGame */,
				A0997FD01D3CDB5D00AB2AC4 /* Products */,
			);
			sourceTree = "<group>";
		};
		A0997FD01D3CDB5D00AB2AC4 /* Products */ = {
			isa = PBXGroup;
			children = (
				A0997FCF1D3CDB5D00AB2AC4 /* SnakeGame.app */,
			);
			name = Products;
			sourceTree = "<group>";
		};
		A0997FD11D3CDB5D00AB2AC4 /* SnakeGame */ = {
			isa = PBXGroup;
			children = (
				A0997FD61D3CDB5D00AB2AC4 /* Main.storyboard */,
				A0997FE51D3CDF2500AB2AC4 /* GameViewController.swift */,
				A0997FE71D3CDFBE00AB2AC4 /* GameFieldView.swift */,
				A0997FE91D3CDFEE00AB2AC4 /* GameModel.swift */,
				A0AB42381D432B8700239297 /* Snake.swift */,
				A0997FE41D3CDE2D00AB2AC4 /* SupportingFiles */,
			);
			path = SnakeGame;
			sourceTree = "<group>";
		};
		A0997FE41D3CDE2D00AB2AC4 /* SupportingFiles */ = {
			isa = PBXGroup;
			children = (
				A0997FD21D3CDB5D00AB2AC4 /* AppDelegate.swift */,
				A03D5DB51D6EEC6100F76A4A /* SnakeSegments.swift */,
				A0997FD91D3CDB5D00AB2AC4 /* Assets.xcassets */,
				A0997FDB1D3CDB5D00AB2AC4 /* LaunchScreen.storyboard */,
				A0997FDE1D3CDB5D00AB2AC4 /* Info.plist */,
				A09CCF401D69D81B00810397 /* Notes */,
			);
			name = SupportingFiles;
			sourceTree = "<group>";
		};
/* End PBXGroup section */

/* Begin PBXNativeTarget section */
		A0997FCE1D3CDB5D00AB2AC4 /* SnakeGame */ = {
			isa = PBXNativeTarget;
			buildConfigurationList = A0997FE11D3CDB5D00AB2AC4 /* Build configuration list for PBXNativeTarget "SnakeGame" */;
			buildPhases = (
				A0997FCB1D3CDB5D00AB2AC4 /* Sources */,
				A0997FCC1D3CDB5D00AB2AC4 /* Frameworks */,
				A0997FCD1D3CDB5D00AB2AC4 /* Resources */,
			);
			buildRules = (
			);
			dependencies = (
			);
			name = SnakeGame;
			productName = SnakeGame;
			productReference = A0997FCF1D3CDB5D00AB2AC4 /* SnakeGame.app */;
			productType = "com.apple.product-type.application";
		};
/* End PBXNativeTarget section */

/* Begin PBXProject section */
		A0997FC71D3CDB5D00AB2AC4 /* Project object */ = {
			isa = PBXProject;
			attributes = {
				LastSwiftUpdateCheck = 0730;
				LastUpgradeCheck = 0730;
				ORGANIZATIONNAME = "Pavel Popov";
				TargetAttributes = {
					A0997FCE1D3CDB5D00AB2AC4 = {
						CreatedOnToolsVersion = 7.3.1;
						DevelopmentTeam = 276KGYSJ92;
						LastSwiftMigration = 0810;
					};
				};
			};
			buildConfigurationList = A0997FCA1D3CDB5D00AB2AC4 /* Build configuration list for PBXProject "SnakeGame" */;
			compatibilityVersion = "Xcode 3.2";
			developmentRegion = English;
			hasScannedForEncodings = 0;
			knownRegions = (
				en,
				Base,
			);
			mainGroup = A0997FC61D3CDB5D00AB2AC4;
			productRefGroup = A0997FD01D3CDB5D00AB2AC4 /* Products */;
			projectDirPath = "";
			projectRoot = "";
			targets = (
				A0997FCE1D3CDB5D00AB2AC4 /* SnakeGame */,
			);
		};
/* End PBXProject section */

/* Begin PBXResourcesBuildPhase section */
		A0997FCD1D3CDB5D00AB2AC4 /* Resources */ = {
			isa = PBXResourcesBuildPhase;
			buildActionMask = 2147483647;
			files = (
				A0997FDD1D3CDB5D00AB2AC4 /* LaunchScreen.storyboard in Resources */,
				A0997FDA1D3CDB5D00AB2AC4 /* Assets.xcassets in Resources */,
				A09CCF411D69D81B00810397 /* Notes in Resources */,
				A0997FD81D3CDB5D00AB2AC4 /* Main.storyboard in Resources */,
			);
			runOnlyForDeploymentPostprocessing = 0;
		};
/* End PBXResourcesBuildPhase section */

/* Begin PBXSourcesBuildPhase section */
		A0997FCB1D3CDB5D00AB2AC4 /* Sources */ = {
			isa = PBXSourcesBuildPhase;
			buildActionMask = 2147483647;
			files = (
				A0997FE81D3CDFBE00AB2AC4 /* GameFieldView.swift in Sources */,
				A0997FEA1D3CDFEE00AB2AC4 /* GameModel.swift in Sources */,
				A03D5DB61D6EEC6100F76A4A /* SnakeSegments.swift in Sources */,
				A0AB42391D432B8700239297 /* Snake.swift in Sources */,
				A0997FE61D3CDF2500AB2AC4 /* GameViewController.swift in Sources */,
				A0997FD31D3CDB5D00AB2AC4 /* AppDelegate.swift in Sources */,
			);
			runOnlyForDeploymentPostprocessing = 0;
		};
/* End PBXSourcesBuildPhase section */

/* Begin PBXVariantGroup section */
		A0997FD61D3CDB5D00AB2AC4 /* Main.storyboard */ = {
			isa = PBXVariantGroup;
			children = (
				A0997FD71D3CDB5D00AB2AC4 /* Base */,
			);
			name = Main.storyboard;
			sourceTree = "<group>";
		};
		A0997FDB1D3CDB5D00AB2AC4 /* LaunchScreen.storyboard */ = {
			isa = PBXVariantGroup;
			children = (
				A0997FDC1D3CDB5D00AB2AC4 /* Base */,
			);
			name = LaunchScreen.storyboard;
			sourceTree = "<group>";
		};
/* End PBXVariantGroup section */

/* Begin XCBuildConfiguration section */
		A0997FDF1D3CDB5D00AB2AC4 /* Debug */ = {
			isa = XCBuildConfiguration;
			buildSettings = {
				ALWAYS_SEARCH_USER_PATHS = NO;
				CLANG_ANALYZER_NONNULL = YES;
				CLANG_CXX_LANGUAGE_STANDARD = "gnu++0x";
				CLANG_CXX_LIBRARY = "libc++";
				CLANG_ENABLE_MODULES = YES;
				CLANG_ENABLE_OBJC_ARC = YES;
				CLANG_WARN_BOOL_CONVERSION = YES;
				CLANG_WARN_CONSTANT_CONVERSION = YES;
				CLANG_WARN_DIRECT_OBJC_ISA_USAGE = YES_ERROR;
				CLANG_WARN_EMPTY_BODY = YES;
				CLANG_WARN_ENUM_CONVERSION = YES;
				CLANG_WARN_INT_CONVERSION = YES;
				CLANG_WARN_OBJC_ROOT_CLASS = YES_ERROR;
				CLANG_WARN_UNREACHABLE_CODE = YES;
				CLANG_WARN__DUPLICATE_METHOD_MATCH = YES;
				"CODE_SIGN_IDENTITY[sdk=iphoneos*]" = "iPhone Developer";
				COPY_PHASE_STRIP = NO;
				DEBUG_INFORMATION_FORMAT = dwarf;
				ENABLE_STRICT_OBJC_MSGSEND = YES;
				ENABLE_TESTABILITY = YES;
				GCC_C_LANGUAGE_STANDARD = gnu99;
				GCC_DYNAMIC_NO_PIC = NO;
				GCC_NO_COMMON_BLOCKS = YES;
				GCC_OPTIMIZATION_LEVEL = 0;
				GCC_PREPROCESSOR_DEFINITIONS = (
					"DEBUG=1",
					"$(inherited)",
				);
				GCC_WARN_64_TO_32_BIT_CONVERSION = YES;
				GCC_WARN_ABOUT_RETURN_TYPE = YES_ERROR;
				GCC_WARN_UNDECLARED_SELECTOR = YES;
				GCC_WARN_UNINITIALIZED_AUTOS = YES_AGGRESSIVE;
				GCC_WARN_UNUSED_FUNCTION = YES;
				GCC_WARN_UNUSED_VARIABLE = YES;
				IPHONEOS_DEPLOYMENT_TARGET = 9.3;
				MTL_ENABLE_DEBUG_INFO = YES;
				ONLY_ACTIVE_ARCH = YES;
				SDKROOT = iphoneos;
				SWIFT_OPTIMIZATION_LEVEL = "-Onone";
			};
			name = Debug;
		};
		A0997FE01D3CDB5D00AB2AC4 /* Release */ = {
			isa = XCBuildConfiguration;
			buildSettings = {
				ALWAYS_SEARCH_USER_PATHS = NO;
				CLANG_ANALYZER_NONNULL = YES;
				CLANG_CXX_LANGUAGE_STANDARD = "gnu++0x";
				CLANG_CXX_LIBRARY = "libc++";
				CLANG_ENABLE_MODULES = YES;
				CLANG_ENABLE_OBJC_ARC = YES;
				CLANG_WARN_BOOL_CONVERSION = YES;
				CLANG_WARN_CONSTANT_CONVERSION = YES;
				CLANG_WARN_DIRECT_OBJC_ISA_USAGE = YES_ERROR;
				CLANG_WARN_EMPTY_BODY = YES;
				CLANG_WARN_ENUM_CONVERSION = YES;
				CLANG_WARN_INT_CONVERSION = YES;
				CLANG_WARN_OBJC_ROOT_CLASS = YES_ERROR;
				CLANG_WARN_UNREACHABLE_CODE = YES;
				CLANG_WARN__DUPLICATE_METHOD_MATCH = YES;
				"CODE_SIGN_IDENTITY[sdk=iphoneos*]" = "iPhone Developer";
				COPY_PHASE_STRIP = NO;
				DEBUG_INFORMATION_FORMAT = "dwarf-with-dsym";
				ENABLE_NS_ASSERTIONS = NO;
				ENABLE_STRICT_OBJC_MSGSEND = YES;
				GCC_C_LANGUAGE_STANDARD = gnu99;
				GCC_NO_COMMON_BLOCKS = YES;
				GCC_WARN_64_TO_32_BIT_CONVERSION = YES;
				GCC_WARN_ABOUT_RETURN_TYPE = YES_ERROR;
				GCC_WARN_UNDECLARED_SELECTOR = YES;
				GCC_WARN_UNINITIALIZED_AUTOS = YES_AGGRESSIVE;
				GCC_WARN_UNUSED_FUNCTION = YES;
				GCC_WARN_UNUSED_VARIABLE = YES;
				IPHONEOS_DEPLOYMENT_TARGET = 9.3;
				MTL_ENABLE_DEBUG_INFO = NO;
				SDKROOT = iphoneos;
				VALIDATE_PRODUCT = YES;
			};
			name = Release;
		};
		A0997FE21D3CDB5D00AB2AC4 /* Debug */ = {
			isa = XCBuildConfiguration;
			buildSettings = {
				ASSETCATALOG_COMPILER_APPICON_NAME = AppIcon;
				CODE_SIGN_IDENTITY = "iPhone Developer";
				"CODE_SIGN_IDENTITY[sdk=iphoneos*]" = "iPhone Developer";
				INFOPLIST_FILE = SnakeGame/Info.plist;
				LD_RUNPATH_SEARCH_PATHS = "$(inherited) @executable_path/Frameworks";
				PRODUCT_BUNDLE_IDENTIFIER = ru.geekbrains.SnakeGame;
				PRODUCT_NAME = "$(TARGET_NAME)";
				PROVISIONING_PROFILE = "";
				SWIFT_VERSION = 3.0;
			};
			name = Debug;
		};
		A0997FE31D3CDB5D00AB2AC4 /* Release */ = {
			isa = XCBuildConfiguration;
			buildSettings = {
				ASSETCATALOG_COMPILER_APPICON_NAME = AppIcon;
				CODE_SIGN_IDENTITY = "iPhone Developer";
				"CODE_SIGN_IDENTITY[sdk=iphoneos*]" = "iPhone Developer";
				INFOPLIST_FILE = SnakeGame/Info.plist;
				LD_RUNPATH_SEARCH_PATHS = "$(inherited) @executable_path/Frameworks";
				PRODUCT_BUNDLE_IDENTIFIER = ru.geekbrains.SnakeGame;
				PRODUCT_NAME = "$(TARGET_NAME)";
				PROVISIONING_PROFILE = "";
				SWIFT_VERSION = 3.0;
			};
			name = Release;
		};
/* End XCBuildConfiguration section */

/* Begin XCConfigurationList section */
		A0997FCA1D3CDB5D00AB2AC4 /* Build configuration list for PBXProject "SnakeGame" */ = {
			isa = XCConfigurationList;
			buildConfigurations = (
				A0997FDF1D3CDB5D00AB2AC4 /* Debug */,
				A0997FE01D3CDB5D00AB2AC4 /* Release */,
			);
			defaultConfigurationIsVisible = 0;
			defaultConfigurationName = Release;
		};
		A0997FE11D3CDB5D00AB2AC4 /* Build configuration list for PBXNativeTarget "SnakeGame" */ = {
			isa = XCConfigurationList;
			buildConfigurations = (
				A0997FE21D3CDB5D00AB2AC4 /* Debug */,
				A0997FE31D3CDB5D00AB2AC4 /* Release */,
			);
			defaultConfigurationIsVisible = 0;
			defaultConfigurationName = Release;
		};
/* End XCConfigurationList section */
	};
	rootObject = A0997FC71D3CDB5D00AB2AC4 /* Project object */;
}
